
Microsoft Visual Studio Solution File, Format Version 12.00
# Visual Studio Version 17
VisualStudioVersion = 17.3.32929.385
MinimumVisualStudioVersion = 10.0.40219.1
Project("{FAE04EC0-301F-11D3-BF4B-00C04F79EFBC}") = "Teatr", "Teatr\Teatr.csproj", "{BA4029ED-36EC-41B9-A073-9F21EA3474A3}"
EndProject
Global
	GlobalSection(SolutionConfigurationPlatforms) = preSolution
		Debug|Any CPU = Debug|Any CPU
		Release|Any CPU = Release|Any CPU
	EndGlobalSection
	GlobalSection(ProjectConfigurationPlatforms) = postSolution
		{BA4029ED-36EC-41B9-A073-9F21EA3474A3}.Debug|Any CPU.ActiveCfg = Debug|Any CPU
		{BA4029ED-36EC-41B9-A073-9F21EA3474A3}.Debug|Any CPU.Build.0 = Debug|Any CPU
		{BA4029ED-36EC-41B9-A073-9F21EA3474A3}.Release|Any CPU.ActiveCfg = Release|Any CPU
		{BA4029ED-36EC-41B9-A073-9F21EA3474A3}.Release|Any CPU.Build.0 = Release|Any CPU
	EndGlobalSection
	GlobalSection(SolutionProperties) = preSolution
		HideSolutionNode = FALSE
	EndGlobalSection
	GlobalSection(ExtensibilityGlobals) = postSolution
		SolutionGuid = {630B49D7-1E03-410B-986C-E1ECA416008B}
	EndGlobalSection
EndGlobal
